
Microsoft Visual Studio Solution File, Format Version 12.00
# Visual Studio 15
VisualStudioVersion = 15.0.28010.2016
MinimumVisualStudioVersion = 10.0.40219.1
Project("{9A19103F-16F7-4668-BE54-9A1E7A4F7556}") = "AquaMan", "AquaMan\AquaMan.csproj", "{F6C6FBE4-49FA-4B5B-B202-5118C06DD917}"
EndProject
Project("{9A19103F-16F7-4668-BE54-9A1E7A4F7556}") = "Aqua_Control", "Aqua_Control\Aqua_Control.csproj", "{72ED1F9E-AF0F-4671-BE8B-4F4E084439A2}"
EndProject
Project("{FAE04EC0-301F-11D3-BF4B-00C04F79EFBC}") = "Aqua_Control_UWP", "BlinkyHeaded\Aqua_Control_UWP.csproj", "{5CFD39E8-0331-4AC1-84B2-2F943C077096}"
EndProject
Project("{FAE04EC0-301F-11D3-BF4B-00C04F79EFBC}") = "AquaMan.Tests", "AquaMan.Tests\AquaMan.Tests.csproj", "{7C148DDA-2F3C-4F9B-83D2-A09B32CB3A1E}"
EndProject
Project("{2150E333-8FDC-42A3-9474-1A3956D46DE8}") = "Tests", "Tests", "{4FA7FCD2-1EF5-4902-B582-70D135E5C362}"
EndProject
Global
	GlobalSection(SolutionConfigurationPlatforms) = preSolution
		Debug|Any CPU = Debug|Any CPU
		Debug|ARM = Debug|ARM
		Debug|x64 = Debug|x64
		Debug|x86 = Debug|x86
		Release|Any CPU = Release|Any CPU
		Release|ARM = Release|ARM
		Release|x64 = Release|x64
		Release|x86 = Release|x86
	EndGlobalSection
	GlobalSection(ProjectConfigurationPlatforms) = postSolution
		{F6C6FBE4-49FA-4B5B-B202-5118C06DD917}.Debug|Any CPU.ActiveCfg = Debug|Any CPU
		{F6C6FBE4-49FA-4B5B-B202-5118C06DD917}.Debug|Any CPU.Build.0 = Debug|Any CPU
		{F6C6FBE4-49FA-4B5B-B202-5118C06DD917}.Debug|ARM.ActiveCfg = Debug|Any CPU
		{F6C6FBE4-49FA-4B5B-B202-5118C06DD917}.Debug|ARM.Build.0 = Debug|Any CPU
		{F6C6FBE4-49FA-4B5B-B202-5118C06DD917}.Debug|x64.ActiveCfg = Debug|Any CPU
		{F6C6FBE4-49FA-4B5B-B202-5118C06DD917}.Debug|x64.Build.0 = Debug|Any CPU
		{F6C6FBE4-49FA-4B5B-B202-5118C06DD917}.Debug|x86.ActiveCfg = Debug|Any CPU
		{F6C6FBE4-49FA-4B5B-B202-5118C06DD917}.Debug|x86.Build.0 = Debug|Any CPU
		{F6C6FBE4-49FA-4B5B-B202-5118C06DD917}.Release|Any CPU.ActiveCfg = Release|Any CPU
		{F6C6FBE4-49FA-4B5B-B202-5118C06DD917}.Release|Any CPU.Build.0 = Release|Any CPU
		{F6C6FBE4-49FA-4B5B-B202-5118C06DD917}.Release|ARM.ActiveCfg = Release|Any CPU
		{F6C6FBE4-49FA-4B5B-B202-5118C06DD917}.Release|ARM.Build.0 = Release|Any CPU
		{F6C6FBE4-49FA-4B5B-B202-5118C06DD917}.Release|x64.ActiveCfg = Release|Any CPU
		{F6C6FBE4-49FA-4B5B-B202-5118C06DD917}.Release|x64.Build.0 = Release|Any CPU
		{F6C6FBE4-49FA-4B5B-B202-5118C06DD917}.Release|x86.ActiveCfg = Release|Any CPU
		{F6C6FBE4-49FA-4B5B-B202-5118C06DD917}.Release|x86.Build.0 = Release|Any CPU
		{72ED1F9E-AF0F-4671-BE8B-4F4E084439A2}.Debug|Any CPU.ActiveCfg = Debug|Any CPU
		{72ED1F9E-AF0F-4671-BE8B-4F4E084439A2}.Debug|Any CPU.Build.0 = Debug|Any CPU
		{72ED1F9E-AF0F-4671-BE8B-4F4E084439A2}.Debug|ARM.ActiveCfg = Debug|Any CPU
		{72ED1F9E-AF0F-4671-BE8B-4F4E084439A2}.Debug|ARM.Build.0 = Debug|Any CPU
		{72ED1F9E-AF0F-4671-BE8B-4F4E084439A2}.Debug|x64.ActiveCfg = Debug|Any CPU
		{72ED1F9E-AF0F-4671-BE8B-4F4E084439A2}.Debug|x64.Build.0 = Debug|Any CPU
		{72ED1F9E-AF0F-4671-BE8B-4F4E084439A2}.Debug|x86.ActiveCfg = Debug|Any CPU
		{72ED1F9E-AF0F-4671-BE8B-4F4E084439A2}.Debug|x86.Build.0 = Debug|Any CPU
		{72ED1F9E-AF0F-4671-BE8B-4F4E084439A2}.Release|Any CPU.ActiveCfg = Release|Any CPU
		{72ED1F9E-AF0F-4671-BE8B-4F4E084439A2}.Release|Any CPU.Build.0 = Release|Any CPU
		{72ED1F9E-AF0F-4671-BE8B-4F4E084439A2}.Release|ARM.ActiveCfg = Release|Any CPU
		{72ED1F9E-AF0F-4671-BE8B-4F4E084439A2}.Release|ARM.Build.0 = Release|Any CPU
		{72ED1F9E-AF0F-4671-BE8B-4F4E084439A2}.Release|x64.ActiveCfg = Release|Any CPU
		{72ED1F9E-AF0F-4671-BE8B-4F4E084439A2}.Release|x64.Build.0 = Release|Any CPU
		{72ED1F9E-AF0F-4671-BE8B-4F4E084439A2}.Release|x86.ActiveCfg = Release|Any CPU
		{72ED1F9E-AF0F-4671-BE8B-4F4E084439A2}.Release|x86.Build.0 = Release|Any CPU
		{5CFD39E8-0331-4AC1-84B2-2F943C077096}.Debug|Any CPU.ActiveCfg = Debug|x86
		{5CFD39E8-0331-4AC1-84B2-2F943C077096}.Debug|ARM.ActiveCfg = Debug|ARM
		{5CFD39E8-0331-4AC1-84B2-2F943C077096}.Debug|ARM.Build.0 = Debug|ARM
		{5CFD39E8-0331-4AC1-84B2-2F943C077096}.Debug|ARM.Deploy.0 = Debug|ARM
		{5CFD39E8-0331-4AC1-84B2-2F943C077096}.Debug|x64.ActiveCfg = Debug|x64
		{5CFD39E8-0331-4AC1-84B2-2F943C077096}.Debug|x64.Build.0 = Debug|x64
		{5CFD39E8-0331-4AC1-84B2-2F943C077096}.Debug|x64.Deploy.0 = Debug|x64
		{5CFD39E8-0331-4AC1-84B2-2F943C077096}.Debug|x86.ActiveCfg = Debug|x86
		{5CFD39E8-0331-4AC1-84B2-2F943C077096}.Debug|x86.Build.0 = Debug|x86
		{5CFD39E8-0331-4AC1-84B2-2F943C077096}.Debug|x86.Deploy.0 = Debug|x86
		{5CFD39E8-0331-4AC1-84B2-2F943C077096}.Release|Any CPU.ActiveCfg = Release|x86
		{5CFD39E8-0331-4AC1-84B2-2F943C077096}.Release|ARM.ActiveCfg = Release|ARM
		{5CFD39E8-0331-4AC1-84B2-2F943C077096}.Release|ARM.Build.0 = Release|ARM
		{5CFD39E8-0331-4AC1-84B2-2F943C077096}.Release|ARM.Deploy.0 = Release|ARM
		{5CFD39E8-0331-4AC1-84B2-2F943C077096}.Release|x64.ActiveCfg = Release|x64
		{5CFD39E8-0331-4AC1-84B2-2F943C077096}.Release|x64.Build.0 = Release|x64
		{5CFD39E8-0331-4AC1-84B2-2F943C077096}.Release|x64.Deploy.0 = Release|x64
		{5CFD39E8-0331-4AC1-84B2-2F943C077096}.Release|x86.ActiveCfg = Release|x86
		{5CFD39E8-0331-4AC1-84B2-2F943C077096}.Release|x86.Build.0 = Release|x86
		{5CFD39E8-0331-4AC1-84B2-2F943C077096}.Release|x86.Deploy.0 = Release|x86
		{7C148DDA-2F3C-4F9B-83D2-A09B32CB3A1E}.Debug|Any CPU.ActiveCfg = Debug|Any CPU
		{7C148DDA-2F3C-4F9B-83D2-A09B32CB3A1E}.Debug|Any CPU.Build.0 = Debug|Any CPU
		{7C148DDA-2F3C-4F9B-83D2-A09B32CB3A1E}.Debug|ARM.ActiveCfg = Debug|Any CPU
		{7C148DDA-2F3C-4F9B-83D2-A09B32CB3A1E}.Debug|ARM.Build.0 = Debug|Any CPU
		{7C148DDA-2F3C-4F9B-83D2-A09B32CB3A1E}.Debug|x64.ActiveCfg = Debug|Any CPU
		{7C148DDA-2F3C-4F9B-83D2-A09B32CB3A1E}.Debug|x64.Build.0 = Debug|Any CPU
		{7C148DDA-2F3C-4F9B-83D2-A09B32CB3A1E}.Debug|x86.ActiveCfg = Debug|Any CPU
		{7C148DDA-2F3C-4F9B-83D2-A09B32CB3A1E}.Debug|x86.Build.0 = Debug|Any CPU
		{7C148DDA-2F3C-4F9B-83D2-A09B32CB3A1E}.Release|Any CPU.ActiveCfg = Release|Any CPU
		{7C148DDA-2F3C-4F9B-83D2-A09B32CB3A1E}.Release|Any CPU.Build.0 = Release|Any CPU
		{7C148DDA-2F3C-4F9B-83D2-A09B32CB3A1E}.Release|ARM.ActiveCfg = Release|Any CPU
		{7C148DDA-2F3C-4F9B-83D2-A09B32CB3A1E}.Release|ARM.Build.0 = Release|Any CPU
		{7C148DDA-2F3C-4F9B-83D2-A09B32CB3A1E}.Release|x64.ActiveCfg = Release|Any CPU
		{7C148DDA-2F3C-4F9B-83D2-A09B32CB3A1E}.Release|x64.Build.0 = Release|Any CPU
		{7C148DDA-2F3C-4F9B-83D2-A09B32CB3A1E}.Release|x86.ActiveCfg = Release|Any CPU
		{7C148DDA-2F3C-4F9B-83D2-A09B32CB3A1E}.Release|x86.Build.0 = Release|Any CPU
	EndGlobalSection
	GlobalSection(SolutionProperties) = preSolution
		HideSolutionNode = FALSE
	EndGlobalSection
	GlobalSection(NestedProjects) = preSolution
		{7C148DDA-2F3C-4F9B-83D2-A09B32CB3A1E} = {4FA7FCD2-1EF5-4902-B582-70D135E5C362}
	EndGlobalSection
	GlobalSection(ExtensibilityGlobals) = postSolution
		SolutionGuid = {8015B0AC-BE34-40FF-82E1-8941BCD163AB}
	EndGlobalSection
EndGlobal
